# This file is automatically @generated by Cargo.
# It is not intended for manual editing.
version = 4

[[package]]
name = "latihan"
version = "0.1.0"
dependencies = [
 "latihan-pelajaran-bahasa-pemograman-rust-pzn-say-hello",
]

[[package]]
name = "latihan-pelajaran-bahasa-pemograman-rust-pzn-say-hello"
version = "0.3.0"
source = "registry+https://github.com/rust-lang/crates.io-index"
checksum = "688e07b8efe7c2df0e0d5ad64eb0810c801cfc3b4ac7b8339b5cd3df3b420590"
